
Microsoft Visual Studio Solution File, Format Version 12.00
# Visual Studio Version 17
VisualStudioVersion = 17.10.35004.147
MinimumVisualStudioVersion = 10.0.40219.1
Project("{FAE04EC0-301F-11D3-BF4B-00C04F79EFBC}") = "Arithmetic Operations", "Arithmetic Operations.csproj", "{4BF648E2-FCC1-455D-BB41-F1F43833AEF4}"
EndProject
Global
	GlobalSection(SolutionConfigurationPlatforms) = preSolution
		Debug|Any CPU = Debug|Any CPU
		Release|Any CPU = Release|Any CPU
	EndGlobalSection
	GlobalSection(ProjectConfigurationPlatforms) = postSolution
		{4BF648E2-FCC1-455D-BB41-F1F43833AEF4}.Debug|Any CPU.ActiveCfg = Debug|Any CPU
		{4BF648E2-FCC1-455D-BB41-F1F43833AEF4}.Debug|Any CPU.Build.0 = Debug|Any CPU
		{4BF648E2-FCC1-455D-BB41-F1F43833AEF4}.Release|Any CPU.ActiveCfg = Release|Any CPU
		{4BF648E2-FCC1-455D-BB41-F1F43833AEF4}.Release|Any CPU.Build.0 = Release|Any CPU
	EndGlobalSection
	GlobalSection(SolutionProperties) = preSolution
		HideSolutionNode = FALSE
	EndGlobalSection
	GlobalSection(ExtensibilityGlobals) = postSolution
		SolutionGuid = {ADADD056-FB65-4DF5-9989-A913747F9836}
	EndGlobalSection
EndGlobal
